// !$*UTF8*$!
{
	archiveVersion = 1;
	classes = {
	};
	objectVersion = 56;
	objects = {

/* Begin PBXBuildFile section */
		76891B3A29AEA8BA0000CA89 /* Lab7App.swift in Sources */ = {isa = PBXBuildFile; fileRef = 76891B3929AEA8BA0000CA89 /* Lab7App.swift */; };
		76891B3C29AEA8BA0000CA89 /* ContentView.swift in Sources */ = {isa = PBXBuildFile; fileRef = 76891B3B29AEA8BA0000CA89 /* ContentView.swift */; };
		76891B3E29AEA8BC0000CA89 /* Assets.xcassets in Resources */ = {isa = PBXBuildFile; fileRef = 76891B3D29AEA8BC0000CA89 /* Assets.xcassets */; };
		76891B4129AEA8BC0000CA89 /* Preview Assets.xcassets in Resources */ = {isa = PBXBuildFile; fileRef = 76891B4029AEA8BC0000CA89 /* Preview Assets.xcassets */; };
		76891B4B29AEA8BD0000CA89 /* Lab7Tests.swift in Sources */ = {isa = PBXBuildFile; fileRef = 76891B4A29AEA8BD0000CA89 /* Lab7Tests.swift */; };
		76891B5529AEA8BD0000CA89 /* Lab7UITests.swift in Sources */ = {isa = PBXBuildFile; fileRef = 76891B5429AEA8BD0000CA89 /* Lab7UITests.swift */; };
		76891B5729AEA8BD0000CA89 /* Lab7UITestsLaunchTests.swift in Sources */ = {isa = PBXBuildFile; fileRef = 76891B5629AEA8BD0000CA89 /* Lab7UITestsLaunchTests.swift */; };
/* End PBXBuildFile section */

/* Begin PBXContainerItemProxy section */
		76891B4729AEA8BD0000CA89 /* PBXContainerItemProxy */ = {
			isa = PBXContainerItemProxy;
			containerPortal = 76891B2E29AEA8BA0000CA89 /* Project object */;
			proxyType = 1;
			remoteGlobalIDString = 76891B3529AEA8BA0000CA89;
			remoteInfo = Lab7;
		};
		76891B5129AEA8BD0000CA89 /* PBXContainerItemProxy */ = {
			isa = PBXContainerItemProxy;
			containerPortal = 76891B2E29AEA8BA0000CA89 /* Project object */;
			proxyType = 1;
			remoteGlobalIDString = 76891B3529AEA8BA0000CA89;
			remoteInfo = Lab7;
		};
/* End PBXContainerItemProxy section */

/* Begin PBXFileReference section */
		76891B3629AEA8BA0000CA89 /* Lab7.app */ = {isa = PBXFileReference; explicitFileType = wrapper.application; includeInIndex = 0; path = Lab7.app; sourceTree = BUILT_PRODUCTS_DIR; };
		76891B3929AEA8BA0000CA89 /* Lab7App.swift */ = {isa = PBXFileReference; lastKnownFileType = sourcecode.swift; path = Lab7App.swift; sourceTree = "<group>"; };
		76891B3B29AEA8BA0000CA89 /* ContentView.swift */ = {isa = PBXFileReference; lastKnownFileType = sourcecode.swift; path = ContentView.swift; sourceTree = "<group>"; };
		76891B3D29AEA8BC0000CA89 /* Assets.xcassets */ = {isa = PBXFileReference; lastKnownFileType = folder.assetcatalog; path = Assets.xcassets; sourceTree = "<group>"; };
		76891B4029AEA8BC0000CA89 /* Preview Assets.xcassets */ = {isa = PBXFileReference; lastKnownFileType = folder.assetcatalog; path = "Preview Assets.xcassets"; sourceTree = "<group>"; };
		76891B4629AEA8BD0000CA89 /* Lab7Tests.xctest */ = {isa = PBXFileReference; explicitFileType = wrapper.cfbundle; includeInIndex = 0; path = Lab7Tests.xctest; sourceTree = BUILT_PRODUCTS_DIR; };
		76891B4A29AEA8BD0000CA89 /* Lab7Tests.swift */ = {isa = PBXFileReference; lastKnownFileType = sourcecode.swift; path = Lab7Tests.swift; sourceTree = "<group>"; };
		76891B5029AEA8BD0000CA89 /* Lab7UITests.xctest */ = {isa = PBXFileReference; explicitFileType = wrapper.cfbundle; includeInIndex = 0; path = Lab7UITests.xctest; sourceTree = BUILT_PRODUCTS_DIR; };
		76891B5429AEA8BD0000CA89 /* Lab7UITests.swift */ = {isa = PBXFileReference; lastKnownFileType = sourcecode.swift; path = Lab7UITests.swift; sourceTree = "<group>"; };
		76891B5629AEA8BD0000CA89 /* Lab7UITestsLaunchTests.swift */ = {isa = PBXFileReference; lastKnownFileType = sourcecode.swift; path = Lab7UITestsLaunchTests.swift; sourceTree = "<group>"; };
/* End PBXFileReference section */

/* Begin PBXFrameworksBuildPhase section */
		76891B3329AEA8BA0000CA89 /* Frameworks */ = {
			isa = PBXFrameworksBuildPhase;
			buildActionMask = 2147483647;
			files = (
			);
			runOnlyForDeploymentPostprocessing = 0;
		};
		76891B4329AEA8BD0000CA89 /* Frameworks */ = {
			isa = PBXFrameworksBuildPhase;
			buildActionMask = 2147483647;
			files = (
			);
			runOnlyForDeploymentPostprocessing = 0;
		};
		76891B4D29AEA8BD0000CA89 /* Frameworks */ = {
			isa = PBXFrameworksBuildPhase;
			buildActionMask = 2147483647;
			files = (
			);
			runOnlyForDeploymentPostprocessing = 0;
		};
/* End PBXFrameworksBuildPhase section */

/* Begin PBXGroup section */
		76891B2D29AEA8BA0000CA89 = {
			isa = PBXGroup;
			children = (
				76891B3829AEA8BA0000CA89 /* Lab7 */,
				76891B4929AEA8BD0000CA89 /* Lab7Tests */,
				76891B5329AEA8BD0000CA89 /* Lab7UITests */,
				76891B3729AEA8BA0000CA89 /* Products */,
			);
			sourceTree = "<group>";
		};
		76891B3729AEA8BA0000CA89 /* Products */ = {
			isa = PBXGroup;
			children = (
				76891B3629AEA8BA0000CA89 /* Lab7.app */,
				76891B4629AEA8BD0000CA89 /* Lab7Tests.xctest */,
				76891B5029AEA8BD0000CA89 /* Lab7UITests.xctest */,
			);
			name = Products;
			sourceTree = "<group>";
		};
		76891B3829AEA8BA0000CA89 /* Lab7 */ = {
			isa = PBXGroup;
			children = (
				76891B3929AEA8BA0000CA89 /* Lab7App.swift */,
				76891B3B29AEA8BA0000CA89 /* ContentView.swift */,
				76891B3D29AEA8BC0000CA89 /* Assets.xcassets */,
				76891B3F29AEA8BC0000CA89 /* Preview Content */,
			);
			path = Lab7;
			sourceTree = "<group>";
		};
		76891B3F29AEA8BC0000CA89 /* Preview Content */ = {
			isa = PBXGroup;
			children = (
				76891B4029AEA8BC0000CA89 /* Preview Assets.xcassets */,
			);
			path = "Preview Content";
			sourceTree = "<group>";
		};
		76891B4929AEA8BD0000CA89 /* Lab7Tests */ = {
			isa = PBXGroup;
			children = (
				76891B4A29AEA8BD0000CA89 /* Lab7Tests.swift */,
			);
			path = Lab7Tests;
			sourceTree = "<group>";
		};
		76891B5329AEA8BD0000CA89 /* Lab7UITests */ = {
			isa = PBXGroup;
			children = (
				76891B5429AEA8BD0000CA89 /* Lab7UITests.swift */,
				76891B5629AEA8BD0000CA89 /* Lab7UITestsLaunchTests.swift */,
			);
			path = Lab7UITests;
			sourceTree = "<group>";
		};
/* End PBXGroup section */

/* Begin PBXNativeTarget section */
		76891B3529AEA8BA0000CA89 /* Lab7 */ = {
			isa = PBXNativeTarget;
			buildConfigurationList = 76891B5A29AEA8BD0000CA89 /* Build configuration list for PBXNativeTarget "Lab7" */;
			buildPhases = (
				76891B3229AEA8BA0000CA89 /* Sources */,
				76891B3329AEA8BA0000CA89 /* Frameworks */,
				76891B3429AEA8BA0000CA89 /* Resources */,
			);
			buildRules = (
			);
			dependencies = (
			);
			name = Lab7;
			productName = Lab7;
			productReference = 76891B3629AEA8BA0000CA89 /* Lab7.app */;
			productType = "com.apple.product-type.application";
		};
		76891B4529AEA8BD0000CA89 /* Lab7Tests */ = {
			isa = PBXNativeTarget;
			buildConfigurationList = 76891B5D29AEA8BD0000CA89 /* Build configuration list for PBXNativeTarget "Lab7Tests" */;
			buildPhases = (
				76891B4229AEA8BD0000CA89 /* Sources */,
				76891B4329AEA8BD0000CA89 /* Frameworks */,
				76891B4429AEA8BD0000CA89 /* Resources */,
			);
			buildRules = (
			);
			dependencies = (
				76891B4829AEA8BD0000CA89 /* PBXTargetDependency */,
			);
			name = Lab7Tests;
			productName = Lab7Tests;
			productReference = 76891B4629AEA8BD0000CA89 /* Lab7Tests.xctest */;
			productType = "com.apple.product-type.bundle.unit-test";
		};
		76891B4F29AEA8BD0000CA89 /* Lab7UITests */ = {
			isa = PBXNativeTarget;
			buildConfigurationList = 76891B6029AEA8BD0000CA89 /* Build configuration list for PBXNativeTarget "Lab7UITests" */;
			buildPhases = (
				76891B4C29AEA8BD0000CA89 /* Sources */,
				76891B4D29AEA8BD0000CA89 /* Frameworks */,
				76891B4E29AEA8BD0000CA89 /* Resources */,
			);
			buildRules = (
			);
			dependencies = (
				76891B5229AEA8BD0000CA89 /* PBXTargetDependency */,
			);
			name = Lab7UITests;
			productName = Lab7UITests;
			productReference = 76891B5029AEA8BD0000CA89 /* Lab7UITests.xctest */;
			productType = "com.apple.product-type.bundle.ui-testing";
		};
/* End PBXNativeTarget section */

/* Begin PBXProject section */
		76891B2E29AEA8BA0000CA89 /* Project object */ = {
			isa = PBXProject;
			attributes = {
				BuildIndependentTargetsInParallel = 1;
				LastSwiftUpdateCheck = 1420;
				LastUpgradeCheck = 1420;
				TargetAttributes = {
					76891B3529AEA8BA0000CA89 = {
						CreatedOnToolsVersion = 14.2;
					};
					76891B4529AEA8BD0000CA89 = {
						CreatedOnToolsVersion = 14.2;
						TestTargetID = 76891B3529AEA8BA0000CA89;
					};
					76891B4F29AEA8BD0000CA89 = {
						CreatedOnToolsVersion = 14.2;
						TestTargetID = 76891B3529AEA8BA0000CA89;
					};
				};
			};
			buildConfigurationList = 76891B3129AEA8BA0000CA89 /* Build configuration list for PBXProject "Lab7" */;
			compatibilityVersion = "Xcode 14.0";
			developmentRegion = en;
			hasScannedForEncodings = 0;
			knownRegions = (
				en,
				Base,
			);
			mainGroup = 76891B2D29AEA8BA0000CA89;
			productRefGroup = 76891B3729AEA8BA0000CA89 /* Products */;
			projectDirPath = "";
			projectRoot = "";
			targets = (
				76891B3529AEA8BA0000CA89 /* Lab7 */,
				76891B4529AEA8BD0000CA89 /* Lab7Tests */,
				76891B4F29AEA8BD0000CA89 /* Lab7UITests */,
			);
		};
/* End PBXProject section */

/* Begin PBXResourcesBuildPhase section */
		76891B3429AEA8BA0000CA89 /* Resources */ = {
			isa = PBXResourcesBuildPhase;
			buildActionMask = 2147483647;
			files = (
				76891B4129AEA8BC0000CA89 /* Preview Assets.xcassets in Resources */,
				76891B3E29AEA8BC0000CA89 /* Assets.xcassets in Resources */,
			);
			runOnlyForDeploymentPostprocessing = 0;
		};
		76891B4429AEA8BD0000CA89 /* Resources */ = {
			isa = PBXResourcesBuildPhase;
			buildActionMask = 2147483647;
			files = (
			);
			runOnlyForDeploymentPostprocessing = 0;
		};
		76891B4E29AEA8BD0000CA89 /* Resources */ = {
			isa = PBXResourcesBuildPhase;
			buildActionMask = 2147483647;
			files = (
			);
			runOnlyForDeploymentPostprocessing = 0;
		};
/* End PBXResourcesBuildPhase section */

/* Begin PBXSourcesBuildPhase section */
		76891B3229AEA8BA0000CA89 /* Sources */ = {
			isa = PBXSourcesBuildPhase;
			buildActionMask = 2147483647;
			files = (
				76891B3C29AEA8BA0000CA89 /* ContentView.swift in Sources */,
				76891B3A29AEA8BA0000CA89 /* Lab7App.swift in Sources */,
			);
			runOnlyForDeploymentPostprocessing = 0;
		};
		76891B4229AEA8BD0000CA89 /* Sources */ = {
			isa = PBXSourcesBuildPhase;
			buildActionMask = 2147483647;
			files = (
				76891B4B29AEA8BD0000CA89 /* Lab7Tests.swift in Sources */,
			);
			runOnlyForDeploymentPostprocessing = 0;
		};
		76891B4C29AEA8BD0000CA89 /* Sources */ = {
			isa = PBXSourcesBuildPhase;
			buildActionMask = 2147483647;
			files = (
				76891B5729AEA8BD0000CA89 /* Lab7UITestsLaunchTests.swift in Sources */,
				76891B5529AEA8BD0000CA89 /* Lab7UITests.swift in Sources */,
			);
			runOnlyForDeploymentPostprocessing = 0;
		};
/* End PBXSourcesBuildPhase section */

/* Begin PBXTargetDependency section */
		76891B4829AEA8BD0000CA89 /* PBXTargetDependency */ = {
			isa = PBXTargetDependency;
			target = 76891B3529AEA8BA0000CA89 /* Lab7 */;
			targetProxy = 76891B4729AEA8BD0000CA89 /* PBXContainerItemProxy */;
		};
		76891B5229AEA8BD0000CA89 /* PBXTargetDependency */ = {
			isa = PBXTargetDependency;
			target = 76891B3529AEA8BA0000CA89 /* Lab7 */;
			targetProxy = 76891B5129AEA8BD0000CA89 /* PBXContainerItemProxy */;
		};
/* End PBXTargetDependency section */

/* Begin XCBuildConfiguration section */
		76891B5829AEA8BD0000CA89 /* Debug */ = {
			isa = XCBuildConfiguration;
			buildSettings = {
				ALWAYS_SEARCH_USER_PATHS = NO;
				CLANG_ANALYZER_NONNULL = YES;
				CLANG_ANALYZER_NUMBER_OBJECT_CONVERSION = YES_AGGRESSIVE;
				CLANG_CXX_LANGUAGE_STANDARD = "gnu++20";
				CLANG_ENABLE_MODULES = YES;
				CLANG_ENABLE_OBJC_ARC = YES;
				CLANG_ENABLE_OBJC_WEAK = YES;
				CLANG_WARN_BLOCK_CAPTURE_AUTORELEASING = YES;
				CLANG_WARN_BOOL_CONVERSION = YES;
				CLANG_WARN_COMMA = YES;
				CLANG_WARN_CONSTANT_CONVERSION = YES;
				CLANG_WARN_DEPRECATED_OBJC_IMPLEMENTATIONS = YES;
				CLANG_WARN_DIRECT_OBJC_ISA_USAGE = YES_ERROR;
				CLANG_WARN_DOCUMENTATION_COMMENTS = YES;
				CLANG_WARN_EMPTY_BODY = YES;
				CLANG_WARN_ENUM_CONVERSION = YES;
				CLANG_WARN_INFINITE_RECURSION = YES;
				CLANG_WARN_INT_CONVERSION = YES;
				CLANG_WARN_NON_LITERAL_NULL_CONVERSION = YES;
				CLANG_WARN_OBJC_IMPLICIT_RETAIN_SELF = YES;
				CLANG_WARN_OBJC_LITERAL_CONVERSION = YES;
				CLANG_WARN_OBJC_ROOT_CLASS = YES_ERROR;
				CLANG_WARN_QUOTED_INCLUDE_IN_FRAMEWORK_HEADER = YES;
				CLANG_WARN_RANGE_LOOP_ANALYSIS = YES;
				CLANG_WARN_STRICT_PROTOTYPES = YES;
				CLANG_WARN_SUSPICIOUS_MOVE = YES;
				CLANG_WARN_UNGUARDED_AVAILABILITY = YES_AGGRESSIVE;
				CLANG_WARN_UNREACHABLE_CODE = YES;
				CLANG_WARN__DUPLICATE_METHOD_MATCH = YES;
				COPY_PHASE_STRIP = NO;
				DEBUG_INFORMATION_FORMAT = dwarf;
				ENABLE_STRICT_OBJC_MSGSEND = YES;
				ENABLE_TESTABILITY = YES;
				GCC_C_LANGUAGE_STANDARD = gnu11;
				GCC_DYNAMIC_NO_PIC = NO;
				GCC_NO_COMMON_BLOCKS = YES;
				GCC_OPTIMIZATION_LEVEL = 0;
				GCC_PREPROCESSOR_DEFINITIONS = (
					"DEBUG=1",
					"$(inherited)",
				);
				GCC_WARN_64_TO_32_BIT_CONVERSION = YES;
				GCC_WARN_ABOUT_RETURN_TYPE = YES_ERROR;
				GCC_WARN_UNDECLARED_SELECTOR = YES;
				GCC_WARN_UNINITIALIZED_AUTOS = YES_AGGRESSIVE;
				GCC_WARN_UNUSED_FUNCTION = YES;
				GCC_WARN_UNUSED_VARIABLE = YES;
				IPHONEOS_DEPLOYMENT_TARGET = 16.2;
				MTL_ENABLE_DEBUG_INFO = INCLUDE_SOURCE;
				MTL_FAST_MATH = YES;
				ONLY_ACTIVE_ARCH = YES;
				SDKROOT = iphoneos;
				SWIFT_ACTIVE_COMPILATION_CONDITIONS = DEBUG;
				SWIFT_OPTIMIZATION_LEVEL = "-Onone";
			};
			name = Debug;
		};
		76891B5929AEA8BD0000CA89 /* Release */ = {
			isa = XCBuildConfiguration;
			buildSettings = {
				ALWAYS_SEARCH_USER_PATHS = NO;
				CLANG_ANALYZER_NONNULL = YES;
				CLANG_ANALYZER_NUMBER_OBJECT_CONVERSION = YES_AGGRESSIVE;
				CLANG_CXX_LANGUAGE_STANDARD = "gnu++20";
				CLANG_ENABLE_MODULES = YES;
				CLANG_ENABLE_OBJC_ARC = YES;
				CLANG_ENABLE_OBJC_WEAK = YES;
				CLANG_WARN_BLOCK_CAPTURE_AUTORELEASING = YES;
				CLANG_WARN_BOOL_CONVERSION = YES;
				CLANG_WARN_COMMA = YES;
				CLANG_WARN_CONSTANT_CONVERSION = YES;
				CLANG_WARN_DEPRECATED_OBJC_IMPLEMENTATIONS = YES;
				CLANG_WARN_DIRECT_OBJC_ISA_USAGE = YES_ERROR;
				CLANG_WARN_DOCUMENTATION_COMMENTS = YES;
				CLANG_WARN_EMPTY_BODY = YES;
				CLANG_WARN_ENUM_CONVERSION = YES;
				CLANG_WARN_INFINITE_RECURSION = YES;
				CLANG_WARN_INT_CONVERSION = YES;
				CLANG_WARN_NON_LITERAL_NULL_CONVERSION = YES;
				CLANG_WARN_OBJC_IMPLICIT_RETAIN_SELF = YES;
				CLANG_WARN_OBJC_LITERAL_CONVERSION = YES;
				CLANG_WARN_OBJC_ROOT_CLASS = YES_ERROR;
				CLANG_WARN_QUOTED_INCLUDE_IN_FRAMEWORK_HEADER = YES;
				CLANG_WARN_RANGE_LOOP_ANALYSIS = YES;
				CLANG_WARN_STRICT_PROTOTYPES = YES;
				CLANG_WARN_SUSPICIOUS_MOVE = YES;
				CLANG_WARN_UNGUARDED_AVAILABILITY = YES_AGGRESSIVE;
				CLANG_WARN_UNREACHABLE_CODE = YES;
				CLANG_WARN__DUPLICATE_METHOD_MATCH = YES;
				COPY_PHASE_STRIP = NO;
				DEBUG_INFORMATION_FORMAT = "dwarf-with-dsym";
				ENABLE_NS_ASSERTIONS = NO;
				ENABLE_STRICT_OBJC_MSGSEND = YES;
				GCC_C_LANGUAGE_STANDARD = gnu11;
				GCC_NO_COMMON_BLOCKS = YES;
				GCC_WARN_64_TO_32_BIT_CONVERSION = YES;
				GCC_WARN_ABOUT_RETURN_TYPE = YES_ERROR;
				GCC_WARN_UNDECLARED_SELECTOR = YES;
				GCC_WARN_UNINITIALIZED_AUTOS = YES_AGGRESSIVE;
				GCC_WARN_UNUSED_FUNCTION = YES;
				GCC_WARN_UNUSED_VARIABLE = YES;
				IPHONEOS_DEPLOYMENT_TARGET = 16.2;
				MTL_ENABLE_DEBUG_INFO = NO;
				MTL_FAST_MATH = YES;
				SDKROOT = iphoneos;
				SWIFT_COMPILATION_MODE = wholemodule;
				SWIFT_OPTIMIZATION_LEVEL = "-O";
				VALIDATE_PRODUCT = YES;
			};
			name = Release;
		};
		76891B5B29AEA8BD0000CA89 /* Debug */ = {
			isa = XCBuildConfiguration;
			buildSettings = {
				ASSETCATALOG_COMPILER_APPICON_NAME = AppIcon;
				ASSETCATALOG_COMPILER_GLOBAL_ACCENT_COLOR_NAME = AccentColor;
				CODE_SIGN_STYLE = Automatic;
				CURRENT_PROJECT_VERSION = 1;
				DEVELOPMENT_ASSET_PATHS = "\"Lab7/Preview Content\"";
				ENABLE_PREVIEWS = YES;
				GENERATE_INFOPLIST_FILE = YES;
				INFOPLIST_KEY_UIApplicationSceneManifest_Generation = YES;
				INFOPLIST_KEY_UIApplicationSupportsIndirectInputEvents = YES;
				INFOPLIST_KEY_UILaunchScreen_Generation = YES;
				INFOPLIST_KEY_UISupportedInterfaceOrientations_iPad = "UIInterfaceOrientationPortrait UIInterfaceOrientationPortraitUpsideDown UIInterfaceOrientationLandscapeLeft UIInterfaceOrientationLandscapeRight";
				INFOPLIST_KEY_UISupportedInterfaceOrientations_iPhone = "UIInterfaceOrientationPortrait UIInterfaceOrientationLandscapeLeft UIInterfaceOrientationLandscapeRight";
				LD_RUNPATH_SEARCH_PATHS = (
					"$(inherited)",
					"@executable_path/Frameworks",
				);
				MARKETING_VERSION = 1.0;
				PRODUCT_BUNDLE_IDENTIFIER = "ca.camosun.ics21-007.Lab7";
				PRODUCT_NAME = "$(TARGET_NAME)";
				SWIFT_EMIT_LOC_STRINGS = YES;
				SWIFT_VERSION = 5.0;
				TARGETED_DEVICE_FAMILY = "1,2";
			};
			name = Debug;
		};
		76891B5C29AEA8BD0000CA89 /* Release */ = {
			isa = XCBuildConfiguration;
			buildSettings = {
				ASSETCATALOG_COMPILER_APPICON_NAME = AppIcon;
				ASSETCATALOG_COMPILER_GLOBAL_ACCENT_COLOR_NAME = AccentColor;
				CODE_SIGN_STYLE = Automatic;
				CURRENT_PROJECT_VERSION = 1;
				DEVELOPMENT_ASSET_PATHS = "\"Lab7/Preview Content\"";
				ENABLE_PREVIEWS = YES;
				GENERATE_INFOPLIST_FILE = YES;
				INFOPLIST_KEY_UIApplicationSceneManifest_Generation = YES;
				INFOPLIST_KEY_UIApplicationSupportsIndirectInputEvents = YES;
				INFOPLIST_KEY_UILaunchScreen_Generation = YES;
				INFOPLIST_KEY_UISupportedInterfaceOrientations_iPad = "UIInterfaceOrientationPortrait UIInterfaceOrientationPortraitUpsideDown UIInterfaceOrientationLandscapeLeft UIInterfaceOrientationLandscapeRight";
				INFOPLIST_KEY_UISupportedInterfaceOrientations_iPhone = "UIInterfaceOrientationPortrait UIInterfaceOrientationLandscapeLeft UIInterfaceOrientationLandscapeRight";
				LD_RUNPATH_SEARCH_PATHS = (
					"$(inherited)",
					"@executable_path/Frameworks",
				);
				MARKETING_VERSION = 1.0;
				PRODUCT_BUNDLE_IDENTIFIER = "ca.camosun.ics21-007.Lab7";
				PRODUCT_NAME = "$(TARGET_NAME)";
				SWIFT_EMIT_LOC_STRINGS = YES;
				SWIFT_VERSION = 5.0;
				TARGETED_DEVICE_FAMILY = "1,2";
			};
			name = Release;
		};
		76891B5E29AEA8BD0000CA89 /* Debug */ = {
			isa = XCBuildConfiguration;
			buildSettings = {
				ALWAYS_EMBED_SWIFT_STANDARD_LIBRARIES = YES;
				BUNDLE_LOADER = "$(TEST_HOST)";
				CODE_SIGN_STYLE = Automatic;
				CURRENT_PROJECT_VERSION = 1;
				GENERATE_INFOPLIST_FILE = YES;
				IPHONEOS_DEPLOYMENT_TARGET = 16.2;
				MARKETING_VERSION = 1.0;
				PRODUCT_BUNDLE_IDENTIFIER = "ca.camosun.ics21-007.Lab7Tests";
				PRODUCT_NAME = "$(TARGET_NAME)";
				SWIFT_EMIT_LOC_STRINGS = NO;
				SWIFT_VERSION = 5.0;
				TARGETED_DEVICE_FAMILY = "1,2";
				TEST_HOST = "$(BUILT_PRODUCTS_DIR)/Lab7.app/$(BUNDLE_EXECUTABLE_FOLDER_PATH)/Lab7";
			};
			name = Debug;
		};
		76891B5F29AEA8BD0000CA89 /* Release */ = {
			isa = XCBuildConfiguration;
			buildSettings = {
				ALWAYS_EMBED_SWIFT_STANDARD_LIBRARIES = YES;
				BUNDLE_LOADER = "$(TEST_HOST)";
				CODE_SIGN_STYLE = Automatic;
				CURRENT_PROJECT_VERSION = 1;
				GENERATE_INFOPLIST_FILE = YES;
				IPHONEOS_DEPLOYMENT_TARGET = 16.2;
				MARKETING_VERSION = 1.0;
				PRODUCT_BUNDLE_IDENTIFIER = "ca.camosun.ics21-007.Lab7Tests";
				PRODUCT_NAME = "$(TARGET_NAME)";
				SWIFT_EMIT_LOC_STRINGS = NO;
				SWIFT_VERSION = 5.0;
				TARGETED_DEVICE_FAMILY = "1,2";
				TEST_HOST = "$(BUILT_PRODUCTS_DIR)/Lab7.app/$(BUNDLE_EXECUTABLE_FOLDER_PATH)/Lab7";
			};
			name = Release;
		};
		76891B6129AEA8BD0000CA89 /* Debug */ = {
			isa = XCBuildConfiguration;
			buildSettings = {
				ALWAYS_EMBED_SWIFT_STANDARD_LIBRARIES = YES;
				CODE_SIGN_STYLE = Automatic;
				CURRENT_PROJECT_VERSION = 1;
				GENERATE_INFOPLIST_FILE = YES;
				MARKETING_VERSION = 1.0;
				PRODUCT_BUNDLE_IDENTIFIER = "ca.camosun.ics21-007.Lab7UITests";
				PRODUCT_NAME = "$(TARGET_NAME)";
				SWIFT_EMIT_LOC_STRINGS = NO;
				SWIFT_VERSION = 5.0;
				TARGETED_DEVICE_FAMILY = "1,2";
				TEST_TARGET_NAME = Lab7;
			};
			name = Debug;
		};
		76891B6229AEA8BD0000CA89 /* Release */ = {
			isa = XCBuildConfiguration;
			buildSettings = {
				ALWAYS_EMBED_SWIFT_STANDARD_LIBRARIES = YES;
				CODE_SIGN_STYLE = Automatic;
				CURRENT_PROJECT_VERSION = 1;
				GENERATE_INFOPLIST_FILE = YES;
				MARKETING_VERSION = 1.0;
				PRODUCT_BUNDLE_IDENTIFIER = "ca.camosun.ics21-007.Lab7UITests";
				PRODUCT_NAME = "$(TARGET_NAME)";
				SWIFT_EMIT_LOC_STRINGS = NO;
				SWIFT_VERSION = 5.0;
				TARGETED_DEVICE_FAMILY = "1,2";
				TEST_TARGET_NAME = Lab7;
			};
			name = Release;
		};
/* End XCBuildConfiguration section */

/* Begin XCConfigurationList section */
		76891B3129AEA8BA0000CA89 /* Build configuration list for PBXProject "Lab7" */ = {
			isa = XCConfigurationList;
			buildConfigurations = (
				76891B5829AEA8BD0000CA89 /* Debug */,
				76891B5929AEA8BD0000CA89 /* Release */,
			);
			defaultConfigurationIsVisible = 0;
			defaultConfigurationName = Release;
		};
		76891B5A29AEA8BD0000CA89 /* Build configuration list for PBXNativeTarget "Lab7" */ = {
			isa = XCConfigurationList;
			buildConfigurations = (
				76891B5B29AEA8BD0000CA89 /* Debug */,
				76891B5C29AEA8BD0000CA89 /* Release */,
			);
			defaultConfigurationIsVisible = 0;
			defaultConfigurationName = Release;
		};
		76891B5D29AEA8BD0000CA89 /* Build configuration list for PBXNativeTarget "Lab7Tests" */ = {
			isa = XCConfigurationList;
			buildConfigurations = (
				76891B5E29AEA8BD0000CA89 /* Debug */,
				76891B5F29AEA8BD0000CA89 /* Release */,
			);
			defaultConfigurationIsVisible = 0;
			defaultConfigurationName = Release;
		};
		76891B6029AEA8BD0000CA89 /* Build configuration list for PBXNativeTarget "Lab7UITests" */ = {
			isa = XCConfigurationList;
			buildConfigurations = (
				76891B6129AEA8BD0000CA89 /* Debug */,
				76891B6229AEA8BD0000CA89 /* Release */,
			);
			defaultConfigurationIsVisible = 0;
			defaultConfigurationName = Release;
		};
/* End XCConfigurationList section */
	};
	rootObject = 76891B2E29AEA8BA0000CA89 /* Project object */;
}
